
Microsoft Visual Studio Solution File, Format Version 12.00
# Visual Studio Version 17
VisualStudioVersion = 17.5.33414.496
MinimumVisualStudioVersion = 10.0.40219.1
Project("{FAE04EC0-301F-11D3-BF4B-00C04F79EFBC}") = "csharpCashier", "csharpCashier.csproj", "{73408C17-086E-41A8-AC8B-F231AAC4AA9D}"
EndProject
Global
	GlobalSection(SolutionConfigurationPlatforms) = preSolution
		Debug|Any CPU = Debug|Any CPU
		Release|Any CPU = Release|Any CPU
	EndGlobalSection
	GlobalSection(ProjectConfigurationPlatforms) = postSolution
		{73408C17-086E-41A8-AC8B-F231AAC4AA9D}.Debug|Any CPU.ActiveCfg = Debug|Any CPU
		{73408C17-086E-41A8-AC8B-F231AAC4AA9D}.Debug|Any CPU.Build.0 = Debug|Any CPU
		{73408C17-086E-41A8-AC8B-F231AAC4AA9D}.Release|Any CPU.ActiveCfg = Release|Any CPU
		{73408C17-086E-41A8-AC8B-F231AAC4AA9D}.Release|Any CPU.Build.0 = Release|Any CPU
	EndGlobalSection
	GlobalSection(SolutionProperties) = preSolution
		HideSolutionNode = FALSE
	EndGlobalSection
	GlobalSection(ExtensibilityGlobals) = postSolution
		SolutionGuid = {3B0C6EF4-9315-4007-98A5-C6BAD08750CB}
	EndGlobalSection
EndGlobal
