
Microsoft Visual Studio Solution File, Format Version 12.00
# Visual Studio Version 17
VisualStudioVersion = 17.5.33414.496
MinimumVisualStudioVersion = 10.0.40219.1
Project("{9A19103F-16F7-4668-BE54-9A1E7A4F7556}") = "csharpCashier", "csharpCashier.csproj", "{73408C17-086E-41A8-AC8B-F231AAC4AA9D}"
EndProject
Project("{2150E333-8FDC-42A3-9474-1A3956D46DE8}") = "Elementy rozwiązania", "Elementy rozwiązania", "{8B76A515-61FA-4BCA-BBCE-2E27F345A181}"
	ProjectSection(SolutionItems) = preProject
		.gitignore = .gitignore
	EndProjectSection
EndProject
Global
	GlobalSection(SolutionConfigurationPlatforms) = preSolution
		Debug|Any CPU = Debug|Any CPU
		Release|Any CPU = Release|Any CPU
	EndGlobalSection
	GlobalSection(ProjectConfigurationPlatforms) = postSolution
		{73408C17-086E-41A8-AC8B-F231AAC4AA9D}.Debug|Any CPU.ActiveCfg = Debug|Any CPU
		{73408C17-086E-41A8-AC8B-F231AAC4AA9D}.Debug|Any CPU.Build.0 = Debug|Any CPU
		{73408C17-086E-41A8-AC8B-F231AAC4AA9D}.Release|Any CPU.ActiveCfg = Release|Any CPU
		{73408C17-086E-41A8-AC8B-F231AAC4AA9D}.Release|Any CPU.Build.0 = Release|Any CPU
	EndGlobalSection
	GlobalSection(SolutionProperties) = preSolution
		HideSolutionNode = FALSE
	EndGlobalSection
	GlobalSection(ExtensibilityGlobals) = postSolution
		SolutionGuid = {3B0C6EF4-9315-4007-98A5-C6BAD08750CB}
	EndGlobalSection
EndGlobal
